
Microsoft Visual Studio Solution File, Format Version 12.00
# Visual Studio Version 17
VisualStudioVersion = 17.13.35825.156
MinimumVisualStudioVersion = 10.0.40219.1
Project("{FAE04EC0-301F-11D3-BF4B-00C04F79EFBC}") = "Konecta.Tools.CCaptureClient.Core", "Konecta.Tools.CCaptureClient.Core\Konecta.Tools.CCaptureClient.Core.csproj", "{0079254A-E9EB-42CA-88ED-6A4395CC86DC}"
EndProject
Project("{FAE04EC0-301F-11D3-BF4B-00C04F79EFBC}") = "Konecta.Tools.CCaptureClient.Infrastructure", "Konecta.Tools.CCaptureClient.Infrastructure\Konecta.Tools.CCaptureClient.Infrastructure.csproj", "{D22A5FAF-830F-46E1-AF24-6516947382E6}"
EndProject
Project("{FAE04EC0-301F-11D3-BF4B-00C04F79EFBC}") = "Konecta.Tools.CCaptureClient.UI", "Konecta.Tools.CCaptureClient.UI\Konecta.Tools.CCaptureClient.UI.csproj", "{02704B57-9037-4EEC-938D-6E2660F5E7F2}"
EndProject
Project("{2150E333-8FDC-42A3-9474-1A3956D46DE8}") = "DB Script", "DB Script", "{02EA681E-C7D8-13C7-8484-4AC65E1B71E8}"
	ProjectSection(SolutionItems) = preProject
		DB Script\CCapture.sql = DB Script\CCapture.sql
	EndProjectSection
EndProject
Global
	GlobalSection(SolutionConfigurationPlatforms) = preSolution
		Debug|Any CPU = Debug|Any CPU
		Release|Any CPU = Release|Any CPU
	EndGlobalSection
	GlobalSection(ProjectConfigurationPlatforms) = postSolution
		{0079254A-E9EB-42CA-88ED-6A4395CC86DC}.Debug|Any CPU.ActiveCfg = Debug|Any CPU
		{0079254A-E9EB-42CA-88ED-6A4395CC86DC}.Debug|Any CPU.Build.0 = Debug|Any CPU
		{0079254A-E9EB-42CA-88ED-6A4395CC86DC}.Release|Any CPU.ActiveCfg = Release|Any CPU
		{0079254A-E9EB-42CA-88ED-6A4395CC86DC}.Release|Any CPU.Build.0 = Release|Any CPU
		{D22A5FAF-830F-46E1-AF24-6516947382E6}.Debug|Any CPU.ActiveCfg = Debug|Any CPU
		{D22A5FAF-830F-46E1-AF24-6516947382E6}.Debug|Any CPU.Build.0 = Debug|Any CPU
		{D22A5FAF-830F-46E1-AF24-6516947382E6}.Release|Any CPU.ActiveCfg = Release|Any CPU
		{D22A5FAF-830F-46E1-AF24-6516947382E6}.Release|Any CPU.Build.0 = Release|Any CPU
		{02704B57-9037-4EEC-938D-6E2660F5E7F2}.Debug|Any CPU.ActiveCfg = Debug|Any CPU
		{02704B57-9037-4EEC-938D-6E2660F5E7F2}.Debug|Any CPU.Build.0 = Debug|Any CPU
		{02704B57-9037-4EEC-938D-6E2660F5E7F2}.Release|Any CPU.ActiveCfg = Release|Any CPU
		{02704B57-9037-4EEC-938D-6E2660F5E7F2}.Release|Any CPU.Build.0 = Release|Any CPU
	EndGlobalSection
	GlobalSection(SolutionProperties) = preSolution
		HideSolutionNode = FALSE
	EndGlobalSection
	GlobalSection(ExtensibilityGlobals) = postSolution
		SolutionGuid = {68D4CB6D-2171-4D70-B748-596E33CF5AAA}
	EndGlobalSection
EndGlobal
